
Microsoft Visual Studio Solution File, Format Version 12.00
# Visual Studio Version 17
VisualStudioVersion = 17.3.32825.248
MinimumVisualStudioVersion = 10.0.40219.1
Project("{FAE04EC0-301F-11D3-BF4B-00C04F79EFBC}") = "Process_SA", "Process_SA\Process_SA.csproj", "{65021966-1045-4C3D-80CB-970EFAAC0474}"
EndProject
Project("{FAE04EC0-301F-11D3-BF4B-00C04F79EFBC}") = "Modelo", "Modelo\Modelo.csproj", "{6E483FAA-4620-45D1-8901-5D653ED9A68B}"
EndProject
Project("{FAE04EC0-301F-11D3-BF4B-00C04F79EFBC}") = "Controlador", "Controlador\Controlador.csproj", "{9763C8D9-4460-4264-AA6C-570DD5E9C4B9}"
EndProject
Global
	GlobalSection(SolutionConfigurationPlatforms) = preSolution
		Debug|Any CPU = Debug|Any CPU
		Release|Any CPU = Release|Any CPU
	EndGlobalSection
	GlobalSection(ProjectConfigurationPlatforms) = postSolution
		{65021966-1045-4C3D-80CB-970EFAAC0474}.Debug|Any CPU.ActiveCfg = Debug|Any CPU
		{65021966-1045-4C3D-80CB-970EFAAC0474}.Debug|Any CPU.Build.0 = Debug|Any CPU
		{65021966-1045-4C3D-80CB-970EFAAC0474}.Release|Any CPU.ActiveCfg = Release|Any CPU
		{65021966-1045-4C3D-80CB-970EFAAC0474}.Release|Any CPU.Build.0 = Release|Any CPU
		{6E483FAA-4620-45D1-8901-5D653ED9A68B}.Debug|Any CPU.ActiveCfg = Debug|Any CPU
		{6E483FAA-4620-45D1-8901-5D653ED9A68B}.Debug|Any CPU.Build.0 = Debug|Any CPU
		{6E483FAA-4620-45D1-8901-5D653ED9A68B}.Release|Any CPU.ActiveCfg = Release|Any CPU
		{6E483FAA-4620-45D1-8901-5D653ED9A68B}.Release|Any CPU.Build.0 = Release|Any CPU
		{9763C8D9-4460-4264-AA6C-570DD5E9C4B9}.Debug|Any CPU.ActiveCfg = Debug|Any CPU
		{9763C8D9-4460-4264-AA6C-570DD5E9C4B9}.Debug|Any CPU.Build.0 = Debug|Any CPU
		{9763C8D9-4460-4264-AA6C-570DD5E9C4B9}.Release|Any CPU.ActiveCfg = Release|Any CPU
		{9763C8D9-4460-4264-AA6C-570DD5E9C4B9}.Release|Any CPU.Build.0 = Release|Any CPU
	EndGlobalSection
	GlobalSection(SolutionProperties) = preSolution
		HideSolutionNode = FALSE
	EndGlobalSection
	GlobalSection(ExtensibilityGlobals) = postSolution
		SolutionGuid = {803E47AC-35B2-43F7-8BF2-E943CAD26AC3}
	EndGlobalSection
EndGlobal
